
Microsoft Visual Studio Solution File, Format Version 12.00
# Visual Studio Version 16
VisualStudioVersion = 16.0.29201.188
MinimumVisualStudioVersion = 10.0.40219.1
Project("{8BC9CEB8-8B4A-11D0-8D11-00A0C91BC942}") = "1.8.1", "1.8.1.vcxproj", "{76AD6FC3-9CEA-4ECA-8DB0-41088CB11D3B}"
EndProject
Global
	GlobalSection(SolutionConfigurationPlatforms) = preSolution
		Debug|x64 = Debug|x64
		Debug|x86 = Debug|x86
		Release|x64 = Release|x64
		Release|x86 = Release|x86
	EndGlobalSection
	GlobalSection(ProjectConfigurationPlatforms) = postSolution
		{76AD6FC3-9CEA-4ECA-8DB0-41088CB11D3B}.Debug|x64.ActiveCfg = Debug|x64
		{76AD6FC3-9CEA-4ECA-8DB0-41088CB11D3B}.Debug|x64.Build.0 = Debug|x64
		{76AD6FC3-9CEA-4ECA-8DB0-41088CB11D3B}.Debug|x86.ActiveCfg = Debug|Win32
		{76AD6FC3-9CEA-4ECA-8DB0-41088CB11D3B}.Debug|x86.Build.0 = Debug|Win32
		{76AD6FC3-9CEA-4ECA-8DB0-41088CB11D3B}.Release|x64.ActiveCfg = Release|x64
		{76AD6FC3-9CEA-4ECA-8DB0-41088CB11D3B}.Release|x64.Build.0 = Release|x64
		{76AD6FC3-9CEA-4ECA-8DB0-41088CB11D3B}.Release|x86.ActiveCfg = Release|Win32
		{76AD6FC3-9CEA-4ECA-8DB0-41088CB11D3B}.Release|x86.Build.0 = Release|Win32
	EndGlobalSection
	GlobalSection(SolutionProperties) = preSolution
		HideSolutionNode = FALSE
	EndGlobalSection
	GlobalSection(ExtensibilityGlobals) = postSolution
		SolutionGuid = {4F7B927B-AFCD-4D74-9D4C-1BCA74302AC9}
	EndGlobalSection
EndGlobal
