
Microsoft Visual Studio Solution File, Format Version 12.00
# Visual Studio Version 16
VisualStudioVersion = 16.0.28922.388
MinimumVisualStudioVersion = 10.0.40219.1
Project("{8BC9CEB8-8B4A-11D0-8D11-00A0C91BC942}") = "3.4.2", "3.4.2.vcxproj", "{F6B2661F-5E6A-494A-9261-1D305D3126BD}"
EndProject
Global
	GlobalSection(SolutionConfigurationPlatforms) = preSolution
		Debug|x64 = Debug|x64
		Debug|x86 = Debug|x86
		Release|x64 = Release|x64
		Release|x86 = Release|x86
	EndGlobalSection
	GlobalSection(ProjectConfigurationPlatforms) = postSolution
		{F6B2661F-5E6A-494A-9261-1D305D3126BD}.Debug|x64.ActiveCfg = Debug|x64
		{F6B2661F-5E6A-494A-9261-1D305D3126BD}.Debug|x64.Build.0 = Debug|x64
		{F6B2661F-5E6A-494A-9261-1D305D3126BD}.Debug|x86.ActiveCfg = Debug|Win32
		{F6B2661F-5E6A-494A-9261-1D305D3126BD}.Debug|x86.Build.0 = Debug|Win32
		{F6B2661F-5E6A-494A-9261-1D305D3126BD}.Release|x64.ActiveCfg = Release|x64
		{F6B2661F-5E6A-494A-9261-1D305D3126BD}.Release|x64.Build.0 = Release|x64
		{F6B2661F-5E6A-494A-9261-1D305D3126BD}.Release|x86.ActiveCfg = Release|Win32
		{F6B2661F-5E6A-494A-9261-1D305D3126BD}.Release|x86.Build.0 = Release|Win32
	EndGlobalSection
	GlobalSection(SolutionProperties) = preSolution
		HideSolutionNode = FALSE
	EndGlobalSection
	GlobalSection(ExtensibilityGlobals) = postSolution
		SolutionGuid = {A6BF5CC8-A50E-47EB-B339-8AEF4BB3CE7B}
	EndGlobalSection
EndGlobal
