
Microsoft Visual Studio Solution File, Format Version 12.00
# Visual Studio Version 16
VisualStudioVersion = 16.0.29215.179
MinimumVisualStudioVersion = 10.0.40219.1
Project("{8BC9CEB8-8B4A-11D0-8D11-00A0C91BC942}") = "7.1.1", "7.1.1.vcxproj", "{01284A62-8321-42C5-AB0D-F7212863BF8F}"
EndProject
Global
	GlobalSection(SolutionConfigurationPlatforms) = preSolution
		Debug|x64 = Debug|x64
		Debug|x86 = Debug|x86
		Release|x64 = Release|x64
		Release|x86 = Release|x86
	EndGlobalSection
	GlobalSection(ProjectConfigurationPlatforms) = postSolution
		{01284A62-8321-42C5-AB0D-F7212863BF8F}.Debug|x64.ActiveCfg = Debug|x64
		{01284A62-8321-42C5-AB0D-F7212863BF8F}.Debug|x64.Build.0 = Debug|x64
		{01284A62-8321-42C5-AB0D-F7212863BF8F}.Debug|x86.ActiveCfg = Debug|Win32
		{01284A62-8321-42C5-AB0D-F7212863BF8F}.Debug|x86.Build.0 = Debug|Win32
		{01284A62-8321-42C5-AB0D-F7212863BF8F}.Release|x64.ActiveCfg = Release|x64
		{01284A62-8321-42C5-AB0D-F7212863BF8F}.Release|x64.Build.0 = Release|x64
		{01284A62-8321-42C5-AB0D-F7212863BF8F}.Release|x86.ActiveCfg = Release|Win32
		{01284A62-8321-42C5-AB0D-F7212863BF8F}.Release|x86.Build.0 = Release|Win32
	EndGlobalSection
	GlobalSection(SolutionProperties) = preSolution
		HideSolutionNode = FALSE
	EndGlobalSection
	GlobalSection(ExtensibilityGlobals) = postSolution
		SolutionGuid = {26C69D95-C930-44EF-83EE-AA766463FC98}
	EndGlobalSection
EndGlobal
